
Microsoft Visual Studio Solution File, Format Version 12.00
# Visual Studio Version 17
VisualStudioVersion = 17.14.36908.2 d17.14
MinimumVisualStudioVersion = 10.0.40219.1
Project("{FAE04EC0-301F-11D3-BF4B-00C04F79EFBC}") = "EnsinoApp", "EnsinoApp.csproj", "{DDE5D436-9FA4-4D50-B32E-BC28F9AA78BC}"
EndProject
Global
	GlobalSection(SolutionConfigurationPlatforms) = preSolution
		Debug|Any CPU = Debug|Any CPU
		Release|Any CPU = Release|Any CPU
	EndGlobalSection
	GlobalSection(ProjectConfigurationPlatforms) = postSolution
		{DDE5D436-9FA4-4D50-B32E-BC28F9AA78BC}.Debug|Any CPU.ActiveCfg = Debug|Any CPU
		{DDE5D436-9FA4-4D50-B32E-BC28F9AA78BC}.Debug|Any CPU.Build.0 = Debug|Any CPU
		{DDE5D436-9FA4-4D50-B32E-BC28F9AA78BC}.Release|Any CPU.ActiveCfg = Release|Any CPU
		{DDE5D436-9FA4-4D50-B32E-BC28F9AA78BC}.Release|Any CPU.Build.0 = Release|Any CPU
	EndGlobalSection
	GlobalSection(SolutionProperties) = preSolution
		HideSolutionNode = FALSE
	EndGlobalSection
	GlobalSection(ExtensibilityGlobals) = postSolution
		SolutionGuid = {D7B27736-D342-468B-AF83-DE7DC4E0EF89}
	EndGlobalSection
EndGlobal
